// !$*UTF8*$!
{
	archiveVersion = 1;
	classes = {
	};
	objectVersion = 46;
	objects = {

/* Begin PBXBuildFile section */
		0BD083B51F09F743009B6972 /* AppDelegate.swift in Sources */ = {isa = PBXBuildFile; fileRef = 0BD083B41F09F743009B6972 /* AppDelegate.swift */; };
		0BD083B71F09F743009B6972 /* ViewController.swift in Sources */ = {isa = PBXBuildFile; fileRef = 0BD083B61F09F743009B6972 /* ViewController.swift */; };
		0BD083BA1F09F743009B6972 /* Main.storyboard in Resources */ = {isa = PBXBuildFile; fileRef = 0BD083B81F09F743009B6972 /* Main.storyboard */; };
		0BD083BC1F09F743009B6972 /* Assets.xcassets in Resources */ = {isa = PBXBuildFile; fileRef = 0BD083BB1F09F743009B6972 /* Assets.xcassets */; };
		0BD083BF1F09F743009B6972 /* LaunchScreen.storyboard in Resources */ = {isa = PBXBuildFile; fileRef = 0BD083BD1F09F743009B6972 /* LaunchScreen.storyboard */; };
		0BD083CB1F0A11A8009B6972 /* MyViewController.m in Sources */ = {isa = PBXBuildFile; fileRef = 0BD083CA1F0A11A8009B6972 /* MyViewController.m */; };
		0BD083CD1F0A1214009B6972 /* NetWorkTool.swift in Sources */ = {isa = PBXBuildFile; fileRef = 0BD083CC1F0A1214009B6972 /* NetWorkTool.swift */; };
		0BD083CF1F0A121C009B6972 /* UIColor-Extension.swift in Sources */ = {isa = PBXBuildFile; fileRef = 0BD083CE1F0A121C009B6972 /* UIColor-Extension.swift */; };
		0BD083D41F0A1633009B6972 /* ServiceURLKeys.m in Sources */ = {isa = PBXBuildFile; fileRef = 0BD083D11F0A1633009B6972 /* ServiceURLKeys.m */; };
		0BD083D51F0A1633009B6972 /* UIColor+Hex.m in Sources */ = {isa = PBXBuildFile; fileRef = 0BD083D31F0A1633009B6972 /* UIColor+Hex.m */; };
		A1E5B6EAC20284137C22459E /* Pods_SampleSwift2017.framework in Frameworks */ = {isa = PBXBuildFile; fileRef = DED57210A2E5F931DA017DDE /* Pods_SampleSwift2017.framework */; };
/* End PBXBuildFile section */

/* Begin PBXFileReference section */
		0B00B99F1F0B2AA600020C4F /* 枚举使用.playground */ = {isa = PBXFileReference; lastKnownFileType = file.playground; path = "枚举使用.playground"; sourceTree = "<group>"; };
		0B00B9A01F0B399100020C4F /* 函数之趣.playground */ = {isa = PBXFileReference; lastKnownFileType = file.playground; path = "函数之趣.playground"; sourceTree = "<group>"; };
		0B27E5321F0A580900D2E2DF /* 高阶函数的使用.playground */ = {isa = PBXFileReference; lastKnownFileType = file.playground; path = "高阶函数的使用.playground"; sourceTree = "<group>"; };
		0BD083B11F09F743009B6972 /* SampleSwift2017.app */ = {isa = PBXFileReference; explicitFileType = wrapper.application; includeInIndex = 0; path = SampleSwift2017.app; sourceTree = BUILT_PRODUCTS_DIR; };
		0BD083B41F09F743009B6972 /* AppDelegate.swift */ = {isa = PBXFileReference; lastKnownFileType = sourcecode.swift; path = AppDelegate.swift; sourceTree = "<group>"; };
		0BD083B61F09F743009B6972 /* ViewController.swift */ = {isa = PBXFileReference; lastKnownFileType = sourcecode.swift; path = ViewController.swift; sourceTree = "<group>"; };
		0BD083B91F09F743009B6972 /* Base */ = {isa = PBXFileReference; lastKnownFileType = file.storyboard; name = Base; path = Base.lproj/Main.storyboard; sourceTree = "<group>"; };
		0BD083BB1F09F743009B6972 /* Assets.xcassets */ = {isa = PBXFileReference; lastKnownFileType = folder.assetcatalog; path = Assets.xcassets; sourceTree = "<group>"; };
		0BD083BE1F09F743009B6972 /* Base */ = {isa = PBXFileReference; lastKnownFileType = file.storyboard; name = Base; path = Base.lproj/LaunchScreen.storyboard; sourceTree = "<group>"; };
		0BD083C01F09F743009B6972 /* Info.plist */ = {isa = PBXFileReference; lastKnownFileType = text.plist.xml; path = Info.plist; sourceTree = "<group>"; };
		0BD083C81F0A11A7009B6972 /* SampleSwift2017-Bridging-Header.h */ = {isa = PBXFileReference; lastKnownFileType = sourcecode.c.h; path = "SampleSwift2017-Bridging-Header.h"; sourceTree = "<group>"; };
		0BD083C91F0A11A8009B6972 /* MyViewController.h */ = {isa = PBXFileReference; fileEncoding = 4; lastKnownFileType = sourcecode.c.h; path = MyViewController.h; sourceTree = "<group>"; };
		0BD083CA1F0A11A8009B6972 /* MyViewController.m */ = {isa = PBXFileReference; fileEncoding = 4; lastKnownFileType = sourcecode.c.objc; path = MyViewController.m; sourceTree = "<group>"; };
		0BD083CC1F0A1214009B6972 /* NetWorkTool.swift */ = {isa = PBXFileReference; fileEncoding = 4; lastKnownFileType = sourcecode.swift; path = NetWorkTool.swift; sourceTree = "<group>"; };
		0BD083CE1F0A121C009B6972 /* UIColor-Extension.swift */ = {isa = PBXFileReference; fileEncoding = 4; lastKnownFileType = sourcecode.swift; path = "UIColor-Extension.swift"; sourceTree = "<group>"; };
		0BD083D01F0A1633009B6972 /* ServiceURLKeys.h */ = {isa = PBXFileReference; fileEncoding = 4; lastKnownFileType = sourcecode.c.h; path = ServiceURLKeys.h; sourceTree = "<group>"; };
		0BD083D11F0A1633009B6972 /* ServiceURLKeys.m */ = {isa = PBXFileReference; fileEncoding = 4; lastKnownFileType = sourcecode.c.objc; path = ServiceURLKeys.m; sourceTree = "<group>"; };
		0BD083D21F0A1633009B6972 /* UIColor+Hex.h */ = {isa = PBXFileReference; fileEncoding = 4; lastKnownFileType = sourcecode.c.h; path = "UIColor+Hex.h"; sourceTree = "<group>"; };
		0BD083D31F0A1633009B6972 /* UIColor+Hex.m */ = {isa = PBXFileReference; fileEncoding = 4; lastKnownFileType = sourcecode.c.objc; path = "UIColor+Hex.m"; sourceTree = "<group>"; };
		4A346845D5225097197181AA /* Pods-SampleSwift2017.debug.xcconfig */ = {isa = PBXFileReference; includeInIndex = 1; lastKnownFileType = text.xcconfig; name = "Pods-SampleSwift2017.debug.xcconfig"; path = "Pods/Target Support Files/Pods-SampleSwift2017/Pods-SampleSwift2017.debug.xcconfig"; sourceTree = "<group>"; };
		D9C8F2417BBE840501873EC8 /* Pods-SampleSwift2017.release.xcconfig */ = {isa = PBXFileReference; includeInIndex = 1; lastKnownFileType = text.xcconfig; name = "Pods-SampleSwift2017.release.xcconfig"; path = "Pods/Target Support Files/Pods-SampleSwift2017/Pods-SampleSwift2017.release.xcconfig"; sourceTree = "<group>"; };
		DED57210A2E5F931DA017DDE /* Pods_SampleSwift2017.framework */ = {isa = PBXFileReference; explicitFileType = wrapper.framework; includeInIndex = 0; path = Pods_SampleSwift2017.framework; sourceTree = BUILT_PRODUCTS_DIR; };
/* End PBXFileReference section */

/* Begin PBXFrameworksBuildPhase section */
		0BD083AE1F09F743009B6972 /* Frameworks */ = {
			isa = PBXFrameworksBuildPhase;
			buildActionMask = 2147483647;
			files = (
				A1E5B6EAC20284137C22459E /* Pods_SampleSwift2017.framework in Frameworks */,
			);
			runOnlyForDeploymentPostprocessing = 0;
		};
/* End PBXFrameworksBuildPhase section */

/* Begin PBXGroup section */
		0BD083A81F09F743009B6972 = {
			isa = PBXGroup;
			children = (
				0BD083B31F09F743009B6972 /* SampleSwift2017 */,
				0BD083B21F09F743009B6972 /* Products */,
				2CE9D34D6D8ABFCCD68B9D2C /* Pods */,
				416073376BCEB70BF26E4741 /* Frameworks */,
			);
			sourceTree = "<group>";
		};
		0BD083B21F09F743009B6972 /* Products */ = {
			isa = PBXGroup;
			children = (
				0BD083B11F09F743009B6972 /* SampleSwift2017.app */,
			);
			name = Products;
			sourceTree = "<group>";
		};
		0BD083B31F09F743009B6972 /* SampleSwift2017 */ = {
			isa = PBXGroup;
			children = (
				0BD083B41F09F743009B6972 /* AppDelegate.swift */,
				0BD083B61F09F743009B6972 /* ViewController.swift */,
				0BD083C91F0A11A8009B6972 /* MyViewController.h */,
				0BD083CA1F0A11A8009B6972 /* MyViewController.m */,
				0BD083CC1F0A1214009B6972 /* NetWorkTool.swift */,
				0BD083CE1F0A121C009B6972 /* UIColor-Extension.swift */,
				0BD083D01F0A1633009B6972 /* ServiceURLKeys.h */,
				0BD083D11F0A1633009B6972 /* ServiceURLKeys.m */,
				0B00B9A01F0B399100020C4F /* 函数之趣.playground */,
				0B00B99F1F0B2AA600020C4F /* 枚举使用.playground */,
				0BD083D21F0A1633009B6972 /* UIColor+Hex.h */,
				0BD083D31F0A1633009B6972 /* UIColor+Hex.m */,
				0B27E5321F0A580900D2E2DF /* 高阶函数的使用.playground */,
				0BD083B81F09F743009B6972 /* Main.storyboard */,
				0BD083BB1F09F743009B6972 /* Assets.xcassets */,
				0BD083BD1F09F743009B6972 /* LaunchScreen.storyboard */,
				0BD083C01F09F743009B6972 /* Info.plist */,
				0BD083C81F0A11A7009B6972 /* SampleSwift2017-Bridging-Header.h */,
			);
			path = SampleSwift2017;
			sourceTree = "<group>";
		};
		2CE9D34D6D8ABFCCD68B9D2C /* Pods */ = {
			isa = PBXGroup;
			children = (
				4A346845D5225097197181AA /* Pods-SampleSwift2017.debug.xcconfig */,
				D9C8F2417BBE840501873EC8 /* Pods-SampleSwift2017.release.xcconfig */,
			);
			name = Pods;
			sourceTree = "<group>";
		};
		416073376BCEB70BF26E4741 /* Frameworks */ = {
			isa = PBXGroup;
			children = (
				DED57210A2E5F931DA017DDE /* Pods_SampleSwift2017.framework */,
			);
			name = Frameworks;
			sourceTree = "<group>";
		};
/* End PBXGroup section */

/* Begin PBXNativeTarget section */
		0BD083B01F09F743009B6972 /* SampleSwift2017 */ = {
			isa = PBXNativeTarget;
			buildConfigurationList = 0BD083C31F09F743009B6972 /* Build configuration list for PBXNativeTarget "SampleSwift2017" */;
			buildPhases = (
				116D781128765DED6AA1B140 /* [CP] Check Pods Manifest.lock */,
				0BD083AD1F09F743009B6972 /* Sources */,
				0BD083AE1F09F743009B6972 /* Frameworks */,
				0BD083AF1F09F743009B6972 /* Resources */,
				BBA47F2DF431848A33A05319 /* [CP] Embed Pods Frameworks */,
				C04C528B3E5EBF583D584DB9 /* [CP] Copy Pods Resources */,
			);
			buildRules = (
			);
			dependencies = (
			);
			name = SampleSwift2017;
			productName = SampleSwift2017;
			productReference = 0BD083B11F09F743009B6972 /* SampleSwift2017.app */;
			productType = "com.apple.product-type.application";
		};
/* End PBXNativeTarget section */

/* Begin PBXProject section */
		0BD083A91F09F743009B6972 /* Project object */ = {
			isa = PBXProject;
			attributes = {
				LastSwiftUpdateCheck = 0830;
				LastUpgradeCheck = 0830;
				ORGANIZATIONNAME = Windy;
				TargetAttributes = {
					0BD083B01F09F743009B6972 = {
						CreatedOnToolsVersion = 8.3.3;
						LastSwiftMigration = 0830;
						ProvisioningStyle = Manual;
					};
				};
			};
			buildConfigurationList = 0BD083AC1F09F743009B6972 /* Build configuration list for PBXProject "SampleSwift2017" */;
			compatibilityVersion = "Xcode 3.2";
			developmentRegion = English;
			hasScannedForEncodings = 0;
			knownRegions = (
				en,
				Base,
			);
			mainGroup = 0BD083A81F09F743009B6972;
			productRefGroup = 0BD083B21F09F743009B6972 /* Products */;
			projectDirPath = "";
			projectRoot = "";
			targets = (
				0BD083B01F09F743009B6972 /* SampleSwift2017 */,
			);
		};
/* End PBXProject section */

/* Begin PBXResourcesBuildPhase section */
		0BD083AF1F09F743009B6972 /* Resources */ = {
			isa = PBXResourcesBuildPhase;
			buildActionMask = 2147483647;
			files = (
				0BD083BF1F09F743009B6972 /* LaunchScreen.storyboard in Resources */,
				0BD083BC1F09F743009B6972 /* Assets.xcassets in Resources */,
				0BD083BA1F09F743009B6972 /* Main.storyboard in Resources */,
			);
			runOnlyForDeploymentPostprocessing = 0;
		};
/* End PBXResourcesBuildPhase section */

/* Begin PBXShellScriptBuildPhase section */
		116D781128765DED6AA1B140 /* [CP] Check Pods Manifest.lock */ = {
			isa = PBXShellScriptBuildPhase;
			buildActionMask = 2147483647;
			files = (
			);
			inputPaths = (
			);
			name = "[CP] Check Pods Manifest.lock";
			outputPaths = (
			);
			runOnlyForDeploymentPostprocessing = 0;
			shellPath = /bin/sh;
			shellScript = "diff \"${PODS_ROOT}/../Podfile.lock\" \"${PODS_ROOT}/Manifest.lock\" > /dev/null\nif [ $? != 0 ] ; then\n    # print error to STDERR\n    echo \"error: The sandbox is not in sync with the Podfile.lock. Run 'pod install' or update your CocoaPods installation.\" >&2\n    exit 1\nfi\n";
			showEnvVarsInLog = 0;
		};
		BBA47F2DF431848A33A05319 /* [CP] Embed Pods Frameworks */ = {
			isa = PBXShellScriptBuildPhase;
			buildActionMask = 2147483647;
			files = (
			);
			inputPaths = (
			);
			name = "[CP] Embed Pods Frameworks";
			outputPaths = (
			);
			runOnlyForDeploymentPostprocessing = 0;
			shellPath = /bin/sh;
			shellScript = "\"${SRCROOT}/Pods/Target Support Files/Pods-SampleSwift2017/Pods-SampleSwift2017-frameworks.sh\"\n";
			showEnvVarsInLog = 0;
		};
		C04C528B3E5EBF583D584DB9 /* [CP] Copy Pods Resources */ = {
			isa = PBXShellScriptBuildPhase;
			buildActionMask = 2147483647;
			files = (
			);
			inputPaths = (
			);
			name = "[CP] Copy Pods Resources";
			outputPaths = (
			);
			runOnlyForDeploymentPostprocessing = 0;
			shellPath = /bin/sh;
			shellScript = "\"${SRCROOT}/Pods/Target Support Files/Pods-SampleSwift2017/Pods-SampleSwift2017-resources.sh\"\n";
			showEnvVarsInLog = 0;
		};
/* End PBXShellScriptBuildPhase section */

/* Begin PBXSourcesBuildPhase section */
		0BD083AD1F09F743009B6972 /* Sources */ = {
			isa = PBXSourcesBuildPhase;
			buildActionMask = 2147483647;
			files = (
				0BD083CD1F0A1214009B6972 /* NetWorkTool.swift in Sources */,
				0BD083CF1F0A121C009B6972 /* UIColor-Extension.swift in Sources */,
				0BD083CB1F0A11A8009B6972 /* MyViewController.m in Sources */,
				0BD083B71F09F743009B6972 /* ViewController.swift in Sources */,
				0BD083D51F0A1633009B6972 /* UIColor+Hex.m in Sources */,
				0BD083B51F09F743009B6972 /* AppDelegate.swift in Sources */,
				0BD083D41F0A1633009B6972 /* ServiceURLKeys.m in Sources */,
			);
			runOnlyForDeploymentPostprocessing = 0;
		};
/* End PBXSourcesBuildPhase section */

/* Begin PBXVariantGroup section */
		0BD083B81F09F743009B6972 /* Main.storyboard */ = {
			isa = PBXVariantGroup;
			children = (
				0BD083B91F09F743009B6972 /* Base */,
			);
			name = Main.storyboard;
			sourceTree = "<group>";
		};
		0BD083BD1F09F743009B6972 /* LaunchScreen.storyboard */ = {
			isa = PBXVariantGroup;
			children = (
				0BD083BE1F09F743009B6972 /* Base */,
			);
			name = LaunchScreen.storyboard;
			sourceTree = "<group>";
		};
/* End PBXVariantGroup section */

/* Begin XCBuildConfiguration section */
		0BD083C11F09F743009B6972 /* Debug */ = {
			isa = XCBuildConfiguration;
			buildSettings = {
				ALWAYS_SEARCH_USER_PATHS = NO;
				CLANG_ANALYZER_NONNULL = YES;
				CLANG_ANALYZER_NUMBER_OBJECT_CONVERSION = YES_AGGRESSIVE;
				CLANG_CXX_LANGUAGE_STANDARD = "gnu++0x";
				CLANG_CXX_LIBRARY = "libc++";
				CLANG_ENABLE_MODULES = YES;
				CLANG_ENABLE_OBJC_ARC = YES;
				CLANG_WARN_BOOL_CONVERSION = YES;
				CLANG_WARN_CONSTANT_CONVERSION = YES;
				CLANG_WARN_DIRECT_OBJC_ISA_USAGE = YES_ERROR;
				CLANG_WARN_DOCUMENTATION_COMMENTS = YES;
				CLANG_WARN_EMPTY_BODY = YES;
				CLANG_WARN_ENUM_CONVERSION = YES;
				CLANG_WARN_INFINITE_RECURSION = YES;
				CLANG_WARN_INT_CONVERSION = YES;
				CLANG_WARN_OBJC_ROOT_CLASS = YES_ERROR;
				CLANG_WARN_SUSPICIOUS_MOVE = YES;
				CLANG_WARN_UNREACHABLE_CODE = YES;
				CLANG_WARN__DUPLICATE_METHOD_MATCH = YES;
				"CODE_SIGN_IDENTITY[sdk=iphoneos*]" = "iPhone Developer";
				COPY_PHASE_STRIP = NO;
				DEBUG_INFORMATION_FORMAT = dwarf;
				ENABLE_STRICT_OBJC_MSGSEND = YES;
				ENABLE_TESTABILITY = YES;
				GCC_C_LANGUAGE_STANDARD = gnu99;
				GCC_DYNAMIC_NO_PIC = NO;
				GCC_NO_COMMON_BLOCKS = YES;
				GCC_OPTIMIZATION_LEVEL = 0;
				GCC_PREPROCESSOR_DEFINITIONS = (
					"DEBUG=1",
					"$(inherited)",
				);
				GCC_WARN_64_TO_32_BIT_CONVERSION = YES;
				GCC_WARN_ABOUT_RETURN_TYPE = YES_ERROR;
				GCC_WARN_UNDECLARED_SELECTOR = YES;
				GCC_WARN_UNINITIALIZED_AUTOS = YES_AGGRESSIVE;
				GCC_WARN_UNUSED_FUNCTION = YES;
				GCC_WARN_UNUSED_VARIABLE = YES;
				IPHONEOS_DEPLOYMENT_TARGET = 10.3;
				MTL_ENABLE_DEBUG_INFO = YES;
				ONLY_ACTIVE_ARCH = YES;
				SDKROOT = iphoneos;
				SWIFT_ACTIVE_COMPILATION_CONDITIONS = DEBUG;
				SWIFT_OPTIMIZATION_LEVEL = "-Onone";
			};
			name = Debug;
		};
		0BD083C21F09F743009B6972 /* Release */ = {
			isa = XCBuildConfiguration;
			buildSettings = {
				ALWAYS_SEARCH_USER_PATHS = NO;
				CLANG_ANALYZER_NONNULL = YES;
				CLANG_ANALYZER_NUMBER_OBJECT_CONVERSION = YES_AGGRESSIVE;
				CLANG_CXX_LANGUAGE_STANDARD = "gnu++0x";
				CLANG_CXX_LIBRARY = "libc++";
				CLANG_ENABLE_MODULES = YES;
				CLANG_ENABLE_OBJC_ARC = YES;
				CLANG_WARN_BOOL_CONVERSION = YES;
				CLANG_WARN_CONSTANT_CONVERSION = YES;
				CLANG_WARN_DIRECT_OBJC_ISA_USAGE = YES_ERROR;
				CLANG_WARN_DOCUMENTATION_COMMENTS = YES;
				CLANG_WARN_EMPTY_BODY = YES;
				CLANG_WARN_ENUM_CONVERSION = YES;
				CLANG_WARN_INFINITE_RECURSION = YES;
				CLANG_WARN_INT_CONVERSION = YES;
				CLANG_WARN_OBJC_ROOT_CLASS = YES_ERROR;
				CLANG_WARN_SUSPICIOUS_MOVE = YES;
				CLANG_WARN_UNREACHABLE_CODE = YES;
				CLANG_WARN__DUPLICATE_METHOD_MATCH = YES;
				"CODE_SIGN_IDENTITY[sdk=iphoneos*]" = "iPhone Developer";
				COPY_PHASE_STRIP = NO;
				DEBUG_INFORMATION_FORMAT = "dwarf-with-dsym";
				ENABLE_NS_ASSERTIONS = NO;
				ENABLE_STRICT_OBJC_MSGSEND = YES;
				GCC_C_LANGUAGE_STANDARD = gnu99;
				GCC_NO_COMMON_BLOCKS = YES;
				GCC_WARN_64_TO_32_BIT_CONVERSION = YES;
				GCC_WARN_ABOUT_RETURN_TYPE = YES_ERROR;
				GCC_WARN_UNDECLARED_SELECTOR = YES;
				GCC_WARN_UNINITIALIZED_AUTOS = YES_AGGRESSIVE;
				GCC_WARN_UNUSED_FUNCTION = YES;
				GCC_WARN_UNUSED_VARIABLE = YES;
				IPHONEOS_DEPLOYMENT_TARGET = 10.3;
				MTL_ENABLE_DEBUG_INFO = NO;
				SDKROOT = iphoneos;
				SWIFT_OPTIMIZATION_LEVEL = "-Owholemodule";
				VALIDATE_PRODUCT = YES;
			};
			name = Release;
		};
		0BD083C41F09F743009B6972 /* Debug */ = {
			isa = XCBuildConfiguration;
			baseConfigurationReference = 4A346845D5225097197181AA /* Pods-SampleSwift2017.debug.xcconfig */;
			buildSettings = {
				ASSETCATALOG_COMPILER_APPICON_NAME = AppIcon;
				CLANG_ENABLE_MODULES = YES;
				DEVELOPMENT_TEAM = "";
				INFOPLIST_FILE = SampleSwift2017/Info.plist;
				IPHONEOS_DEPLOYMENT_TARGET = 9.0;
				LD_RUNPATH_SEARCH_PATHS = "$(inherited) @executable_path/Frameworks";
				PRODUCT_BUNDLE_IDENTIFIER = cn.windy.www.SampleSwift2017;
				PRODUCT_NAME = "$(TARGET_NAME)";
				PROVISIONING_PROFILE_SPECIFIER = "";
				SWIFT_OBJC_BRIDGING_HEADER = "SampleSwift2017/SampleSwift2017-Bridging-Header.h";
				SWIFT_OPTIMIZATION_LEVEL = "-Onone";
				SWIFT_VERSION = 3.0;
			};
			name = Debug;
		};
		0BD083C51F09F743009B6972 /* Release */ = {
			isa = XCBuildConfiguration;
			baseConfigurationReference = D9C8F2417BBE840501873EC8 /* Pods-SampleSwift2017.release.xcconfig */;
			buildSettings = {
				ASSETCATALOG_COMPILER_APPICON_NAME = AppIcon;
				CLANG_ENABLE_MODULES = YES;
				DEVELOPMENT_TEAM = "";
				INFOPLIST_FILE = SampleSwift2017/Info.plist;
				IPHONEOS_DEPLOYMENT_TARGET = 9.0;
				LD_RUNPATH_SEARCH_PATHS = "$(inherited) @executable_path/Frameworks";
				PRODUCT_BUNDLE_IDENTIFIER = cn.windy.www.SampleSwift2017;
				PRODUCT_NAME = "$(TARGET_NAME)";
				PROVISIONING_PROFILE_SPECIFIER = "";
				SWIFT_OBJC_BRIDGING_HEADER = "SampleSwift2017/SampleSwift2017-Bridging-Header.h";
				SWIFT_VERSION = 3.0;
			};
			name = Release;
		};
/* End XCBuildConfiguration section */

/* Begin XCConfigurationList section */
		0BD083AC1F09F743009B6972 /* Build configuration list for PBXProject "SampleSwift2017" */ = {
			isa = XCConfigurationList;
			buildConfigurations = (
				0BD083C11F09F743009B6972 /* Debug */,
				0BD083C21F09F743009B6972 /* Release */,
			);
			defaultConfigurationIsVisible = 0;
			defaultConfigurationName = Release;
		};
		0BD083C31F09F743009B6972 /* Build configuration list for PBXNativeTarget "SampleSwift2017" */ = {
			isa = XCConfigurationList;
			buildConfigurations = (
				0BD083C41F09F743009B6972 /* Debug */,
				0BD083C51F09F743009B6972 /* Release */,
			);
			defaultConfigurationIsVisible = 0;
			defaultConfigurationName = Release;
		};
/* End XCConfigurationList section */
	};
	rootObject = 0BD083A91F09F743009B6972 /* Project object */;
}
